
Microsoft Visual Studio Solution File, Format Version 12.00
# Visual Studio 15
VisualStudioVersion = 15.0.28010.2036
MinimumVisualStudioVersion = 10.0.40219.1
Project("{9A19103F-16F7-4668-BE54-9A1E7A4F7556}") = "QuestradeAPI", "QuestradeAPI\QuestradeAPI.csproj", "{5135CBED-D630-40E0-B632-D93EA17413AA}"
EndProject
Project("{FAE04EC0-301F-11D3-BF4B-00C04F79EFBC}") = "QuestradeCmd", "QuestradeCmd\QuestradeCmd.csproj", "{A566EB18-246A-4F40-8D1C-6647AF52416B}"
EndProject
Global
	GlobalSection(SolutionConfigurationPlatforms) = preSolution
		Debug|Any CPU = Debug|Any CPU
		Release|Any CPU = Release|Any CPU
	EndGlobalSection
	GlobalSection(ProjectConfigurationPlatforms) = postSolution
		{5135CBED-D630-40E0-B632-D93EA17413AA}.Debug|Any CPU.ActiveCfg = Debug|Any CPU
		{5135CBED-D630-40E0-B632-D93EA17413AA}.Debug|Any CPU.Build.0 = Debug|Any CPU
		{5135CBED-D630-40E0-B632-D93EA17413AA}.Release|Any CPU.ActiveCfg = Release|Any CPU
		{5135CBED-D630-40E0-B632-D93EA17413AA}.Release|Any CPU.Build.0 = Release|Any CPU
		{A566EB18-246A-4F40-8D1C-6647AF52416B}.Debug|Any CPU.ActiveCfg = Debug|Any CPU
		{A566EB18-246A-4F40-8D1C-6647AF52416B}.Debug|Any CPU.Build.0 = Debug|Any CPU
		{A566EB18-246A-4F40-8D1C-6647AF52416B}.Release|Any CPU.ActiveCfg = Release|Any CPU
		{A566EB18-246A-4F40-8D1C-6647AF52416B}.Release|Any CPU.Build.0 = Release|Any CPU
	EndGlobalSection
	GlobalSection(SolutionProperties) = preSolution
		HideSolutionNode = FALSE
	EndGlobalSection
	GlobalSection(ExtensibilityGlobals) = postSolution
		SolutionGuid = {AD0945CA-C281-4C51-8110-4360D6038530}
	EndGlobalSection
EndGlobal
